FORGE
  remote: https://forgeapi.puppetlabs.com
  specs:
    camptocamp-archive (0.8.1)
    darin-zypprepo (1.0.2)
    nanliu-staging (1.0.3)
    puppetlabs-concat (1.2.4)
      puppetlabs-stdlib (< 5.0.0, >= 3.2.0)
    puppetlabs-java (1.4.1)
      puppetlabs-stdlib (< 5.0.0, >= 2.4.0)
    stahnma-epel (1.0.2)

GIT
  remote: git://github.com/acquia/puppet-aurora.git
  ref: 0.0.1
  sha: 1e076c05db690a233ba731a3c647aa556cdc3325
  specs:
    acquia-puppet-aurora (0.1.0)
      puppetlabs-apt (>= 0, >= 2.0.1)
      puppetlabs-stdlib (>= 0, >= 1.0.0)

GIT
  remote: git://github.com/deric/puppet-mesos.git
  ref: v0.6.3
  sha: 8c4fc1aba6924d58f5a52ab8a3d0589f797854a5
  specs:
    deric-puppet-mesos (0.6.3)
      puppetlabs-apt (>= 2.1.0)
      puppetlabs-stdlib (>= 4.2.0)

GIT
  remote: git://github.com/puppet-community/puppet-unattended_upgrades.git
  ref: 1.0.3
  sha: 3d9fc146909eb3c90361263bfbbfc8a9293a603f
  specs:
    puppet-community-puppet-unattended_upgrades (1.0.3)
      puppetlabs-apt (< 3.0.0, >= 2.0.0)
      puppetlabs-stdlib (< 5.0.0, >= 4.6.0)

GIT
  remote: git://github.com/puppetlabs/puppetlabs-apache.git
  ref: master
  sha: fbf0effc73d8afdc19e8d029190e7034fa4e3350
  specs:
    puppetlabs-apache (1.6.0)
      puppetlabs-concat (< 2.0.0, >= 1.1.1)
      puppetlabs-stdlib (< 5.0.0, >= 2.4.0)

GIT
  remote: git://github.com/puppetlabs/puppetlabs-apt.git
  ref: 2.1.1
  sha: 18a73694566a1c01f6b1923ec2150dd4fac79fc4
  specs:
    puppetlabs-apt (2.1.1)
      puppetlabs-stdlib (< 5.0.0, >= 4.5.0)

GIT
  remote: git://github.com/puppetlabs/puppetlabs-limits.git
  ref: master
  sha: 192cf307dcd98ff6f0573a990e501a49cd7797e9
  specs:
    puppetlabs-puppetlabs-limits (0.1.0)

GIT
  remote: git://github.com/puppetlabs/puppetlabs-lvm.git
  ref: master
  sha: 696fe41f88d89406805d06b6e4ad01c412b436b3
  specs:
    puppetlabs-puppetlabs-lvm (0.5.0)
      puppetlabs-stdlib (< 5.0.0, >= 4.1.0)

GIT
  remote: git://github.com/puppetlabs/puppetlabs-ntp.git
  ref: 3.1.2
  sha: 14ff94e9a09f12caf5477f3a1840351e18cf1089
  specs:
    puppetlabs-ntp (3.1.2)
      puppetlabs-stdlib (>= 4.0.0)

GIT
  remote: git://github.com/puppetlabs/puppetlabs-stdlib.git
  ref: 4.6.0
  sha: 73474b00b5ae3cbccec6cd0711311d6450139e51
  specs:
    puppetlabs-stdlib (4.6.0)

GIT
  remote: git://github.com/rodjek/puppet-logrotate.git
  ref: 1.1.1
  sha: 320689601747b29fbdf19994489d0993b908fffb
  specs:
    rodjek-logrotate (1.1.1)

GIT
  remote: git://github.com/stankevich/puppet-python.git
  ref: 1.9.1
  sha: 6e285db9f178da581f96062faf5f5201ffe7f440
  specs:
    stankevich-python (1.8.0)
      puppetlabs-stdlib (>= 4.0.0)

GIT
  remote: git@github.com:kasisnu/garethr-docker.git
  ref: registry_login_as_user
  sha: aed543aacfb7044d056a9bb1c5e34b1b18ad86ec
  specs:
    kasisnu-garethr-docker (4.1.1)
      puppetlabs-apt (<= 3.0.0, >= 1.1.0)
      puppetlabs-stdlib (>= 4.1.0)
      stahnma-epel (>= 0.0.6)

GIT
  remote: https://github.com/jenkinsci/puppet-jenkins.git
  ref: v1.5.0
  sha: fa47ad67c8a8bb9c2174c12f5dec2edc62273992
  specs:
    rtyler-jenkins (1.5.0)
      camptocamp-archive (>= 0.8.0)
      darin-zypprepo (< 2.0.0, >= 1.0.1)
      nanliu-staging (< 2.0.0, >= 1.0.0)
      puppetlabs-apt (< 3.0.0, >= 0.0.3)
      puppetlabs-java (< 2.0.0, >= 1.0.1)
      puppetlabs-stdlib (< 5.0.0, >= 4.6.0)

GIT
  remote: https://github.com/thias/puppet-sysctl
  ref: master
  sha: 38df36e8d8fab7d6a2f755e3f5fbf62f1d792a9f
  specs:
    puppet-sysctl (1.0.2)

DEPENDENCIES
  acquia-puppet-aurora (>= 0)
  deric-puppet-mesos (>= 0)
  kasisnu-garethr-docker (>= 0)
  puppet-community-puppet-unattended_upgrades (>= 0)
  puppet-sysctl (>= 0)
  puppetlabs-apache (>= 0)
  puppetlabs-apt (>= 0)
  puppetlabs-ntp (>= 0)
  puppetlabs-puppetlabs-limits (>= 0)
  puppetlabs-puppetlabs-lvm (>= 0)
  puppetlabs-stdlib (>= 0)
  rodjek-logrotate (>= 0)
  rtyler-jenkins (>= 0)
  stankevich-python (>= 0)

