FORGE
  remote: https://forgeapi.puppetlabs.com
  specs:
    camptocamp-archive (0.8.1)
    darin-zypprepo (1.0.2)
    example42-puppi (2.1.12)
    nanliu-staging (1.0.3)
    puppetlabs-apt (2.2.0)
      puppetlabs-stdlib (< 5.0.0, >= 4.5.0)
    puppetlabs-java (1.4.1)
      puppetlabs-stdlib (< 5.0.0, >= 2.4.0)
    puppetlabs-vcsrepo (1.3.1)
    stahnma-epel (1.2.0)

GIT
  remote: https://github.com/acquia/garethr-docker.git
  ref: master
  sha: c867de79cc85c96c922807a681855ff062fefef7
  specs:
    acquia-garethr-docker (4.1.1)
      puppetlabs-apt (<= 3.0.0, >= 1.8.0)
      puppetlabs-stdlib (>= 4.1.0)
      stahnma-epel (>= 0.0.6)

GIT
  remote: https://github.com/acquia/puppet-aurora.git
  ref: 0.0.1
  sha: 1e076c05db690a233ba731a3c647aa556cdc3325
  specs:
    acquia-puppet-aurora (0.1.0)
      puppetlabs-apt (>= 0, >= 2.0.1)
      puppetlabs-stdlib (>= 0, >= 1.0.0)

GIT
  remote: https://github.com/deric/puppet-mesos.git
  ref: v0.6.3
  sha: 8c4fc1aba6924d58f5a52ab8a3d0589f797854a5
  specs:
    deric-puppet-mesos (0.6.3)
      puppetlabs-apt (>= 2.1.0)
      puppetlabs-stdlib (>= 4.2.0)

GIT
  remote: https://github.com/example42/puppet-yum.git
  ref: v2.1.25
  sha: 93977ef49bb737ffbc88495d13516de27f0c90a1
  specs:
    example42-puppet-yum (2.1.24)
      example42-puppi (>= 2.0.0)

GIT
  remote: https://github.com/jenkinsci/puppet-jenkins.git
  ref: v1.5.0
  sha: fa47ad67c8a8bb9c2174c12f5dec2edc62273992
  specs:
    rtyler-jenkins (1.5.0)
      camptocamp-archive (>= 0.8.0)
      darin-zypprepo (< 2.0.0, >= 1.0.1)
      nanliu-staging (< 2.0.0, >= 1.0.0)
      puppetlabs-apt (< 3.0.0, >= 0.0.3)
      puppetlabs-java (< 2.0.0, >= 1.0.1)
      puppetlabs-stdlib (< 5.0.0, >= 4.6.0)

GIT
  remote: https://github.com/puppet-community/puppet-unattended_upgrades.git
  ref: 1.0.3
  sha: 3d9fc146909eb3c90361263bfbbfc8a9293a603f
  specs:
    puppet-community-puppet-unattended_upgrades (1.0.3)
      puppetlabs-apt (< 3.0.0, >= 2.0.0)
      puppetlabs-stdlib (< 5.0.0, >= 4.6.0)

GIT
  remote: https://github.com/puppetlabs/puppetlabs-limits.git
  ref: master
  sha: 46418de849e376eea8a1722840aaef00a68f4436
  specs:
    puppetlabs-puppetlabs-limits (0.1.0)

GIT
  remote: https://github.com/puppetlabs/puppetlabs-lvm.git
  ref: master
  sha: 4a5da6a854e81d1a3ed66c597962928181f6848b
  specs:
    puppetlabs-puppetlabs-lvm (0.5.0)
      puppetlabs-stdlib (< 5.0.0, >= 4.1.0)

GIT
  remote: https://github.com/puppetlabs/puppetlabs-ntp.git
  ref: 3.1.2
  sha: 14ff94e9a09f12caf5477f3a1840351e18cf1089
  specs:
    puppetlabs-ntp (3.1.2)
      puppetlabs-stdlib (>= 4.0.0)

GIT
  remote: https://github.com/puppetlabs/puppetlabs-stdlib.git
  ref: 4.6.0
  sha: 73474b00b5ae3cbccec6cd0711311d6450139e51
  specs:
    puppetlabs-stdlib (4.6.0)

GIT
  remote: https://github.com/rodjek/puppet-logrotate.git
  ref: 1.1.1
  sha: 320689601747b29fbdf19994489d0993b908fffb
  specs:
    rodjek-logrotate (1.1.1)

GIT
  remote: https://github.com/stankevich/puppet-python.git
  ref: 1.9.1
  sha: 6e285db9f178da581f96062faf5f5201ffe7f440
  specs:
    stankevich-python (1.8.0)
      puppetlabs-stdlib (>= 4.0.0)

GIT
  remote: https://github.com/thias/puppet-sysctl
  ref: master
  sha: 38df36e8d8fab7d6a2f755e3f5fbf62f1d792a9f
  specs:
    puppet-sysctl (1.0.2)

DEPENDENCIES
  acquia-garethr-docker (>= 0)
  acquia-puppet-aurora (>= 0)
  deric-puppet-mesos (>= 0)
  example42-puppet-yum (>= 0)
  puppet-community-puppet-unattended_upgrades (>= 0)
  puppet-sysctl (>= 0)
  puppetlabs-ntp (>= 0)
  puppetlabs-puppetlabs-limits (>= 0)
  puppetlabs-puppetlabs-lvm (>= 0)
  puppetlabs-stdlib (>= 0)
  puppetlabs-vcsrepo (= 1.3.1)
  rodjek-logrotate (>= 0)
  rtyler-jenkins (>= 0)
  stankevich-python (>= 0)

